
Microsoft Visual Studio Solution File, Format Version 12.00
# Visual Studio Version 17
VisualStudioVersion = 17.4.33213.308
MinimumVisualStudioVersion = 10.0.40219.1
Project("{FAE04EC0-301F-11D3-BF4B-00C04F79EFBC}") = "StringUtility", "TDD-Exercise\StringUtility.csproj", "{456DA778-48DD-4B2F-BFFB-CC1F459D1001}"
EndProject
Project("{FAE04EC0-301F-11D3-BF4B-00C04F79EFBC}") = "TestStringUtility", "TestStringUtility\TestStringUtility.csproj", "{EC84CA41-8801-4EBD-ACE3-2B468BDBAD0A}"
EndProject
Global
	GlobalSection(SolutionConfigurationPlatforms) = preSolution
		Debug|Any CPU = Debug|Any CPU
		Release|Any CPU = Release|Any CPU
	EndGlobalSection
	GlobalSection(ProjectConfigurationPlatforms) = postSolution
		{456DA778-48DD-4B2F-BFFB-CC1F459D1001}.Debug|Any CPU.ActiveCfg = Debug|Any CPU
		{456DA778-48DD-4B2F-BFFB-CC1F459D1001}.Debug|Any CPU.Build.0 = Debug|Any CPU
		{456DA778-48DD-4B2F-BFFB-CC1F459D1001}.Release|Any CPU.ActiveCfg = Release|Any CPU
		{456DA778-48DD-4B2F-BFFB-CC1F459D1001}.Release|Any CPU.Build.0 = Release|Any CPU
		{EC84CA41-8801-4EBD-ACE3-2B468BDBAD0A}.Debug|Any CPU.ActiveCfg = Debug|Any CPU
		{EC84CA41-8801-4EBD-ACE3-2B468BDBAD0A}.Debug|Any CPU.Build.0 = Debug|Any CPU
		{EC84CA41-8801-4EBD-ACE3-2B468BDBAD0A}.Release|Any CPU.ActiveCfg = Release|Any CPU
		{EC84CA41-8801-4EBD-ACE3-2B468BDBAD0A}.Release|Any CPU.Build.0 = Release|Any CPU
	EndGlobalSection
	GlobalSection(SolutionProperties) = preSolution
		HideSolutionNode = FALSE
	EndGlobalSection
	GlobalSection(ExtensibilityGlobals) = postSolution
		SolutionGuid = {1E6F329B-5C10-4857-86EB-A002B0E57FF0}
	EndGlobalSection
EndGlobal
